
Microsoft Visual Studio Solution File, Format Version 12.00
# Visual Studio Version 17
VisualStudioVersion = 17.9.34622.214
MinimumVisualStudioVersion = 10.0.40219.1
Project("{FAE04EC0-301F-11D3-BF4B-00C04F79EFBC}") = "BusTerminal", "BusTerminal\BusTerminal.csproj", "{B8AFAA2D-C6BF-45CC-A101-77799DDA2DEB}"
EndProject
Global
	GlobalSection(SolutionConfigurationPlatforms) = preSolution
		Debug|Any CPU = Debug|Any CPU
		Release|Any CPU = Release|Any CPU
	EndGlobalSection
	GlobalSection(ProjectConfigurationPlatforms) = postSolution
		{B8AFAA2D-C6BF-45CC-A101-77799DDA2DEB}.Debug|Any CPU.ActiveCfg = Debug|Any CPU
		{B8AFAA2D-C6BF-45CC-A101-77799DDA2DEB}.Debug|Any CPU.Build.0 = Debug|Any CPU
		{B8AFAA2D-C6BF-45CC-A101-77799DDA2DEB}.Release|Any CPU.ActiveCfg = Release|Any CPU
		{B8AFAA2D-C6BF-45CC-A101-77799DDA2DEB}.Release|Any CPU.Build.0 = Release|Any CPU
	EndGlobalSection
	GlobalSection(SolutionProperties) = preSolution
		HideSolutionNode = FALSE
	EndGlobalSection
	GlobalSection(ExtensibilityGlobals) = postSolution
		SolutionGuid = {51A81E10-03E4-4F88-8981-B33698C7E4AF}
	EndGlobalSection
EndGlobal
